PODS:
  - SwiftyVK (1.3.4)

DEPENDENCIES:
  - SwiftyVK (from `https://github.com/WE-St0r/SwiftyVK.git`)

EXTERNAL SOURCES:
  SwiftyVK:
    :git: https://github.com/WE-St0r/SwiftyVK.git

CHECKOUT OPTIONS:
  SwiftyVK:
    :commit: 23fe74127b93d0cb89ea89cb9f9ac6da1a1647a0
    :git: https://github.com/WE-St0r/SwiftyVK.git

SPEC CHECKSUMS:
  SwiftyVK: d9b0084fcb3aee5da6c4ff51a63353b973a0a149

PODFILE CHECKSUM: ff4cd0f1f6457278af4536539b03df2bd207130f

COCOAPODS: 1.1.1
